
Microsoft Visual Studio Solution File, Format Version 12.00
# Visual Studio Version 16
VisualStudioVersion = 16.0.31129.286
MinimumVisualStudioVersion = 10.0.40219.1
Project("{FAE04EC0-301F-11D3-BF4B-00C04F79EFBC}") = "TQA-Project", "TQA-Project\TQA-Project.csproj", "{22742F55-09D9-41CB-A0F7-EED18E5B273D}"
EndProject
Global
	GlobalSection(SolutionConfigurationPlatforms) = preSolution
		Debug|Any CPU = Debug|Any CPU
		Release|Any CPU = Release|Any CPU
	EndGlobalSection
	GlobalSection(ProjectConfigurationPlatforms) = postSolution
		{22742F55-09D9-41CB-A0F7-EED18E5B273D}.Debug|Any CPU.ActiveCfg = Debug|Any CPU
		{22742F55-09D9-41CB-A0F7-EED18E5B273D}.Debug|Any CPU.Build.0 = Debug|Any CPU
		{22742F55-09D9-41CB-A0F7-EED18E5B273D}.Release|Any CPU.ActiveCfg = Release|Any CPU
		{22742F55-09D9-41CB-A0F7-EED18E5B273D}.Release|Any CPU.Build.0 = Release|Any CPU
	EndGlobalSection
	GlobalSection(SolutionProperties) = preSolution
		HideSolutionNode = FALSE
	EndGlobalSection
	GlobalSection(ExtensibilityGlobals) = postSolution
		SolutionGuid = {F19CC4CC-A843-4A41-ABBF-C84AAE13425B}
	EndGlobalSection
EndGlobal
